
Microsoft Visual Studio Solution File, Format Version 12.00
# Visual Studio 2013
VisualStudioVersion = 12.0.30501.0
MinimumVisualStudioVersion = 10.0.40219.1
Project("{8BC9CEB8-8B4A-11D0-8D11-00A0C91BC942}") = "ConfigFile", "ConfigFile\ConfigFile.vcxproj", "{2E7A192B-A641-4A5F-B6DB-A377A2E9617B}"
EndProject
Project("{8BC9CEB8-8B4A-11D0-8D11-00A0C91BC942}") = "Libary", "Libary\Libary.vcxproj", "{51414C33-0015-4278-A5C8-834153C9A1C0}"
EndProject
Project("{8BC9CEB8-8B4A-11D0-8D11-00A0C91BC942}") = "LibaryTest", "LibaryTest\LibaryTest.vcxproj", "{77E2797B-2729-4A5D-97F1-569EE22AE051}"
EndProject
Project("{8BC9CEB8-8B4A-11D0-8D11-00A0C91BC942}") = "SortTwoTypeArray", "SortTwoTypeArray\SortTwoTypeArray.vcxproj", "{F7EEFD44-E93C-45B0-A607-554C33EFD657}"
EndProject
Project("{8BC9CEB8-8B4A-11D0-8D11-00A0C91BC942}") = "LinkedListExcise", "LinkedListExcise\LinkedListExcise.vcxproj", "{54DE4A3F-5AE6-45B1-B952-DFCB79658206}"
EndProject
Project("{8BC9CEB8-8B4A-11D0-8D11-00A0C91BC942}") = "EnterpriseLinkedList", "EnterpriseLinkedList\EnterpriseLinkedList.vcxproj", "{91CDD5DC-373F-4B0C-9097-BE26A9A9450A}"
EndProject
Project("{8BC9CEB8-8B4A-11D0-8D11-00A0C91BC942}") = "BuyAndSellCpp", "BuyAndSellCpp\BuyAndSellCpp.vcxproj", "{73229F46-8EA7-4CF9-ACB7-75549F7CDBF0}"
EndProject
Project("{8BC9CEB8-8B4A-11D0-8D11-00A0C91BC942}") = "MyArray", "MyArray\MyArray.vcxproj", "{8C902B69-BB52-4131-B63F-63D0B79332CF}"
EndProject
Project("{8BC9CEB8-8B4A-11D0-8D11-00A0C91BC942}") = "EnterpriseTSeqList", "EnterpriseTSeqList\EnterpriseTSeqList.vcxproj", "{6BF5856B-EAE0-44F1-AE11-A8A869587C1E}"
EndProject
Project("{8BC9CEB8-8B4A-11D0-8D11-00A0C91BC942}") = "EnterpriseLinkedListImpl", "EnterpriseLinkedListImpl\EnterpriseLinkedListImpl.vcxproj", "{7A005DB2-17BD-43AE-A05C-9CC62991886B}"
EndProject
Project("{8BC9CEB8-8B4A-11D0-8D11-00A0C91BC942}") = "EnterpriseCircleList", "EnterpriseCircleList\EnterpriseCircleList.vcxproj", "{E052C233-74B2-4C5D-94EE-87E73F4502D6}"
EndProject
Project("{8BC9CEB8-8B4A-11D0-8D11-00A0C91BC942}") = "EnterpriseDLinkedList", "EnterpriseDLinkedList\EnterpriseDLinkedList.vcxproj", "{B1A94496-4ED0-4168-9BE1-5ED219ACBB7E}"
EndProject
Project("{8BC9CEB8-8B4A-11D0-8D11-00A0C91BC942}") = "EnterpriseLinkStack", "EnterpriseLinkStack\EnterpriseLinkStack.vcxproj", "{4F3F33BE-391C-428F-B28F-AA14B998B083}"
EndProject
Project("{8BC9CEB8-8B4A-11D0-8D11-00A0C91BC942}") = "StackApplication", "StackApplication\StackApplication.vcxproj", "{C67CE8AD-CA5D-4E8D-8826-958E3DB2185D}"
EndProject
Project("{8BC9CEB8-8B4A-11D0-8D11-00A0C91BC942}") = "StackExpressionParser", "StackExpressionParser\StackExpressionParser.vcxproj", "{5C285157-3CED-4326-A901-477C8CF66345}"
EndProject
Global
	GlobalSection(SolutionConfigurationPlatforms) = preSolution
		Debug|Win32 = Debug|Win32
		Release|Win32 = Release|Win32
	EndGlobalSection
	GlobalSection(ProjectConfigurationPlatforms) = postSolution
		{2E7A192B-A641-4A5F-B6DB-A377A2E9617B}.Debug|Win32.ActiveCfg = Debug|Win32
		{2E7A192B-A641-4A5F-B6DB-A377A2E9617B}.Debug|Win32.Build.0 = Debug|Win32
		{2E7A192B-A641-4A5F-B6DB-A377A2E9617B}.Release|Win32.ActiveCfg = Release|Win32
		{2E7A192B-A641-4A5F-B6DB-A377A2E9617B}.Release|Win32.Build.0 = Release|Win32
		{51414C33-0015-4278-A5C8-834153C9A1C0}.Debug|Win32.ActiveCfg = Debug|Win32
		{51414C33-0015-4278-A5C8-834153C9A1C0}.Debug|Win32.Build.0 = Debug|Win32
		{51414C33-0015-4278-A5C8-834153C9A1C0}.Release|Win32.ActiveCfg = Release|Win32
		{51414C33-0015-4278-A5C8-834153C9A1C0}.Release|Win32.Build.0 = Release|Win32
		{77E2797B-2729-4A5D-97F1-569EE22AE051}.Debug|Win32.ActiveCfg = Debug|Win32
		{77E2797B-2729-4A5D-97F1-569EE22AE051}.Debug|Win32.Build.0 = Debug|Win32
		{77E2797B-2729-4A5D-97F1-569EE22AE051}.Release|Win32.ActiveCfg = Release|Win32
		{77E2797B-2729-4A5D-97F1-569EE22AE051}.Release|Win32.Build.0 = Release|Win32
		{F7EEFD44-E93C-45B0-A607-554C33EFD657}.Debug|Win32.ActiveCfg = Debug|Win32
		{F7EEFD44-E93C-45B0-A607-554C33EFD657}.Debug|Win32.Build.0 = Debug|Win32
		{F7EEFD44-E93C-45B0-A607-554C33EFD657}.Release|Win32.ActiveCfg = Release|Win32
		{F7EEFD44-E93C-45B0-A607-554C33EFD657}.Release|Win32.Build.0 = Release|Win32
		{54DE4A3F-5AE6-45B1-B952-DFCB79658206}.Debug|Win32.ActiveCfg = Debug|Win32
		{54DE4A3F-5AE6-45B1-B952-DFCB79658206}.Debug|Win32.Build.0 = Debug|Win32
		{54DE4A3F-5AE6-45B1-B952-DFCB79658206}.Release|Win32.ActiveCfg = Release|Win32
		{54DE4A3F-5AE6-45B1-B952-DFCB79658206}.Release|Win32.Build.0 = Release|Win32
		{91CDD5DC-373F-4B0C-9097-BE26A9A9450A}.Debug|Win32.ActiveCfg = Debug|Win32
		{91CDD5DC-373F-4B0C-9097-BE26A9A9450A}.Debug|Win32.Build.0 = Debug|Win32
		{91CDD5DC-373F-4B0C-9097-BE26A9A9450A}.Release|Win32.ActiveCfg = Release|Win32
		{91CDD5DC-373F-4B0C-9097-BE26A9A9450A}.Release|Win32.Build.0 = Release|Win32
		{73229F46-8EA7-4CF9-ACB7-75549F7CDBF0}.Debug|Win32.ActiveCfg = Debug|Win32
		{73229F46-8EA7-4CF9-ACB7-75549F7CDBF0}.Debug|Win32.Build.0 = Debug|Win32
		{73229F46-8EA7-4CF9-ACB7-75549F7CDBF0}.Release|Win32.ActiveCfg = Release|Win32
		{73229F46-8EA7-4CF9-ACB7-75549F7CDBF0}.Release|Win32.Build.0 = Release|Win32
		{8C902B69-BB52-4131-B63F-63D0B79332CF}.Debug|Win32.ActiveCfg = Debug|Win32
		{8C902B69-BB52-4131-B63F-63D0B79332CF}.Debug|Win32.Build.0 = Debug|Win32
		{8C902B69-BB52-4131-B63F-63D0B79332CF}.Release|Win32.ActiveCfg = Release|Win32
		{8C902B69-BB52-4131-B63F-63D0B79332CF}.Release|Win32.Build.0 = Release|Win32
		{6BF5856B-EAE0-44F1-AE11-A8A869587C1E}.Debug|Win32.ActiveCfg = Debug|Win32
		{6BF5856B-EAE0-44F1-AE11-A8A869587C1E}.Debug|Win32.Build.0 = Debug|Win32
		{6BF5856B-EAE0-44F1-AE11-A8A869587C1E}.Release|Win32.ActiveCfg = Release|Win32
		{6BF5856B-EAE0-44F1-AE11-A8A869587C1E}.Release|Win32.Build.0 = Release|Win32
		{7A005DB2-17BD-43AE-A05C-9CC62991886B}.Debug|Win32.ActiveCfg = Debug|Win32
		{7A005DB2-17BD-43AE-A05C-9CC62991886B}.Debug|Win32.Build.0 = Debug|Win32
		{7A005DB2-17BD-43AE-A05C-9CC62991886B}.Release|Win32.ActiveCfg = Release|Win32
		{7A005DB2-17BD-43AE-A05C-9CC62991886B}.Release|Win32.Build.0 = Release|Win32
		{E052C233-74B2-4C5D-94EE-87E73F4502D6}.Debug|Win32.ActiveCfg = Debug|Win32
		{E052C233-74B2-4C5D-94EE-87E73F4502D6}.Debug|Win32.Build.0 = Debug|Win32
		{E052C233-74B2-4C5D-94EE-87E73F4502D6}.Release|Win32.ActiveCfg = Release|Win32
		{E052C233-74B2-4C5D-94EE-87E73F4502D6}.Release|Win32.Build.0 = Release|Win32
		{B1A94496-4ED0-4168-9BE1-5ED219ACBB7E}.Debug|Win32.ActiveCfg = Debug|Win32
		{B1A94496-4ED0-4168-9BE1-5ED219ACBB7E}.Debug|Win32.Build.0 = Debug|Win32
		{B1A94496-4ED0-4168-9BE1-5ED219ACBB7E}.Release|Win32.ActiveCfg = Release|Win32
		{B1A94496-4ED0-4168-9BE1-5ED219ACBB7E}.Release|Win32.Build.0 = Release|Win32
		{4F3F33BE-391C-428F-B28F-AA14B998B083}.Debug|Win32.ActiveCfg = Debug|Win32
		{4F3F33BE-391C-428F-B28F-AA14B998B083}.Debug|Win32.Build.0 = Debug|Win32
		{4F3F33BE-391C-428F-B28F-AA14B998B083}.Release|Win32.ActiveCfg = Release|Win32
		{4F3F33BE-391C-428F-B28F-AA14B998B083}.Release|Win32.Build.0 = Release|Win32
		{C67CE8AD-CA5D-4E8D-8826-958E3DB2185D}.Debug|Win32.ActiveCfg = Debug|Win32
		{C67CE8AD-CA5D-4E8D-8826-958E3DB2185D}.Debug|Win32.Build.0 = Debug|Win32
		{C67CE8AD-CA5D-4E8D-8826-958E3DB2185D}.Release|Win32.ActiveCfg = Release|Win32
		{C67CE8AD-CA5D-4E8D-8826-958E3DB2185D}.Release|Win32.Build.0 = Release|Win32
		{5C285157-3CED-4326-A901-477C8CF66345}.Debug|Win32.ActiveCfg = Debug|Win32
		{5C285157-3CED-4326-A901-477C8CF66345}.Debug|Win32.Build.0 = Debug|Win32
		{5C285157-3CED-4326-A901-477C8CF66345}.Release|Win32.ActiveCfg = Release|Win32
		{5C285157-3CED-4326-A901-477C8CF66345}.Release|Win32.Build.0 = Release|Win32
	EndGlobalSection
	GlobalSection(SolutionProperties) = preSolution
		HideSolutionNode = FALSE
	EndGlobalSection
EndGlobal
